<?xml version="1.0" encoding="utf-8"?>
<Project ToolsVersion="4.0" xmlns="http://schemas.microsoft.com/developer/msbuild/2003">
  <ItemGroup>
    <Filter Include="Source Files">
      <UniqueIdentifier>{4FC737F1-C7A5-4376-A066-2A32D752A2FF}</UniqueIdentifier>
      <Extensions>cpp;c;cc;cxx;def;odl;idl;hpj;bat;asm;asmx</Extensions>
    </Filter>
    <Filter Include="Header Files">
      <UniqueIdentifier>{93995380-89BD-4b04-88EB-625FBE52EBFB}</UniqueIdentifier>
      <Extensions>h;hpp;hxx;hm;inl;inc;xsd</Extensions>
    </Filter>
    <Filter Include="Resource Files">
      <UniqueIdentifier>{67DA6AB6-F800-4c08-8B7A-83BB121AAD01}</UniqueIdentifier>
      <Extensions>rc;ico;cur;bmp;dlg;rc2;rct;bin;rgs;gif;jpg;jpeg;jpe;resx;tiff;tif;png;wav;mfcribbon-ms</Extensions>
    </Filter>
    <Filter Include="Header Files\terrain">
      <UniqueIdentifier>{b57bb4bd-b994-4e9d-922e-4f81dd6d3709}</UniqueIdentifier>
    </Filter>
    <Filter Include="Source Files\terrain">
      <UniqueIdentifier>{ebb5abb2-5ebb-43ce-8073-e8bb533ca61a}</UniqueIdentifier>
    </Filter>
    <Filter Include="Header Files\sprites_parser">
      <UniqueIdentifier>{bd81a826-e9cf-4a3f-9e5d-f9221ac0335b}</UniqueIdentifier>
    </Filter>
    <Filter Include="Source Files\sprites_parser">
      <UniqueIdentifier>{e8d77273-ce1f-4253-94e5-bf8ecbf32990}</UniqueIdentifier>
    </Filter>
  </ItemGroup>
  <ItemGroup>
    <ClCompile Include="..\src\Bubble_Main.cpp">
      <Filter>Source Files</Filter>
    </ClCompile>
    <ClCompile Include="..\src\Sprites_Parser.cpp">
      <Filter>Source Files\sprites_parser</Filter>
    </ClCompile>
    <ClCompile Include="..\src\terrain\Tile_Bitmap.cpp">
      <Filter>Source Files\terrain</Filter>
    </ClCompile>
    <ClCompile Include="..\src\terrain\Tile_Layer.cpp">
      <Filter>Source Files\terrain</Filter>
    </ClCompile>
    <ClCompile Include="..\src\terrain\test_display.cpp">
      <Filter>Source Files\terrain</Filter>
    </ClCompile>
  </ItemGroup>
  <ItemGroup>
    <ClInclude Include="..\include\rapidxml.hpp">
      <Filter>Header Files\sprites_parser</Filter>
    </ClInclude>
    <ClInclude Include="..\include\Sprites_Parser.h">
      <Filter>Header Files\sprites_parser</Filter>
    </ClInclude>
    <ClInclude Include="..\include\terrain\Tile_Layer.h">
      <Filter>Header Files\terrain</Filter>
    </ClInclude>
    <ClInclude Include="..\include\terrain\Tile_Bitmap.h">
      <Filter>Header Files\terrain</Filter>
    </ClInclude>
  </ItemGroup>
</Project>