<?xml version="1.0" encoding="utf-8"?>
<Project ToolsVersion="4.0" xmlns="http://schemas.microsoft.com/developer/msbuild/2003">
  <ItemGroup>
    <Filter Include="Source Files">
      <UniqueIdentifier>{4FC737F1-C7A5-4376-A066-2A32D752A2FF}</UniqueIdentifier>
      <Extensions>cpp;c;cc;cxx;def;odl;idl;hpj;bat;asm;asmx</Extensions>
    </Filter>
    <Filter Include="Header Files">
      <UniqueIdentifier>{93995380-89BD-4b04-88EB-625FBE52EBFB}</UniqueIdentifier>
      <Extensions>h;hpp;hxx;hm;inl;inc;xsd</Extensions>
    </Filter>
    <Filter Include="Resource Files">
      <UniqueIdentifier>{67DA6AB6-F800-4c08-8B7A-83BB121AAD01}</UniqueIdentifier>
      <Extensions>rc;ico;cur;bmp;dlg;rc2;rct;bin;rgs;gif;jpg;jpeg;jpe;resx;tiff;tif;png;wav;mfcribbon-ms</Extensions>
    </Filter>
    <Filter Include="Header Files\terrain">
      <UniqueIdentifier>{b57bb4bd-b994-4e9d-922e-4f81dd6d3709}</UniqueIdentifier>
    </Filter>
    <Filter Include="Source Files\terrain">
      <UniqueIdentifier>{ebb5abb2-5ebb-43ce-8073-e8bb533ca61a}</UniqueIdentifier>
    </Filter>
    <Filter Include="Resource Files\soundtrack">
      <UniqueIdentifier>{283cc061-c480-4bea-81d5-88a7174a9e76}</UniqueIdentifier>
    </Filter>
    <Filter Include="Resource Files\bitmaps">
      <UniqueIdentifier>{edc60a25-3c42-4ef5-a44a-648817f58c8d}</UniqueIdentifier>
    </Filter>
    <Filter Include="Resource Files\bitmaps\sprites">
      <UniqueIdentifier>{e02b6804-76c9-442d-94fb-54a1874f0a21}</UniqueIdentifier>
    </Filter>
    <Filter Include="Resource Files\bitmaps\terrain">
      <UniqueIdentifier>{df998a73-3c34-468d-be11-a6c7e53e059e}</UniqueIdentifier>
    </Filter>
    <Filter Include="Header Files\utilities">
      <UniqueIdentifier>{106e850c-b223-40ce-a45a-c68dc77a5d2c}</UniqueIdentifier>
    </Filter>
    <Filter Include="Source Files\utilities">
      <UniqueIdentifier>{47ddbb51-0690-420b-a8ab-489ff133f9f0}</UniqueIdentifier>
    </Filter>
    <Filter Include="Header Files\animators">
      <UniqueIdentifier>{210ec77f-5550-40b9-8f60-ea3ade612927}</UniqueIdentifier>
    </Filter>
    <Filter Include="Header Files\animations">
      <UniqueIdentifier>{1349816b-1e6b-4a6e-8def-f88563a1c412}</UniqueIdentifier>
    </Filter>
    <Filter Include="Source Files\animations">
      <UniqueIdentifier>{90a8faee-ee13-4920-9b40-53e9acffc7da}</UniqueIdentifier>
    </Filter>
    <Filter Include="Source Files\animators">
      <UniqueIdentifier>{1a1c8d36-bc14-403e-9feb-d73b3f5e8182}</UniqueIdentifier>
    </Filter>
    <Filter Include="Header Files\parsers">
      <UniqueIdentifier>{325b6956-9e59-4a4f-bc3c-228fb3735ddc}</UniqueIdentifier>
    </Filter>
    <Filter Include="Source Files\parsers">
      <UniqueIdentifier>{619130e0-3376-48c0-be1f-7eba0edd53b8}</UniqueIdentifier>
    </Filter>
    <Filter Include="Header Files\game_action">
      <UniqueIdentifier>{54978e8e-2741-4077-81d2-8bfb6e8361c0}</UniqueIdentifier>
    </Filter>
    <Filter Include="Source Files\game_action">
      <UniqueIdentifier>{2c89113d-031a-4a78-824e-f5fca6e697ff}</UniqueIdentifier>
    </Filter>
    <Filter Include="Source Files\game_action\characters">
      <UniqueIdentifier>{1391c736-b1a6-4b5d-9161-f8feed402e29}</UniqueIdentifier>
    </Filter>
    <Filter Include="Header Files\game_action\characters">
      <UniqueIdentifier>{04f927e4-9203-44d6-a1c9-13557c3f68dd}</UniqueIdentifier>
    </Filter>
    <Filter Include="Header Files\logic">
      <UniqueIdentifier>{5da167c7-5f65-45a9-9e55-a536f6024301}</UniqueIdentifier>
    </Filter>
    <Filter Include="Source Files\logic">
      <UniqueIdentifier>{ddfede13-a9f0-46d4-9df6-98dbf4d5208a}</UniqueIdentifier>
    </Filter>
    <Filter Include="Source Files\game_action\items">
      <UniqueIdentifier>{04c4847c-4d6e-4584-acc5-7597c6f341b5}</UniqueIdentifier>
    </Filter>
    <Filter Include="Header Files\game_action\items">
      <UniqueIdentifier>{c9dd86ed-d773-4fa9-997b-22296be58de4}</UniqueIdentifier>
    </Filter>
  </ItemGroup>
  <ItemGroup>
    <ClCompile Include="..\src\terrain\TileBitmap.cpp">
      <Filter>Source Files\terrain</Filter>
    </ClCompile>
    <ClCompile Include="..\src\terrain\TileLayer.cpp">
      <Filter>Source Files\terrain</Filter>
    </ClCompile>
    <ClCompile Include="..\src\BubbleMain.cpp">
      <Filter>Source Files</Filter>
    </ClCompile>
    <ClCompile Include="..\src\animations\Animation.cpp">
      <Filter>Source Files\animations</Filter>
    </ClCompile>
    <ClCompile Include="..\src\animations\AnimationFilm.cpp">
      <Filter>Source Files\animations</Filter>
    </ClCompile>
    <ClCompile Include="..\src\animations\AnimationFilmHolder.cpp">
      <Filter>Source Files\animations</Filter>
    </ClCompile>
    <ClCompile Include="..\src\animations\FlashAnimation.cpp">
      <Filter>Source Files\animations</Filter>
    </ClCompile>
    <ClCompile Include="..\src\animations\FrameRangeAnimation.cpp">
      <Filter>Source Files\animations</Filter>
    </ClCompile>
    <ClCompile Include="..\src\animations\MovingAnimation.cpp">
      <Filter>Source Files\animations</Filter>
    </ClCompile>
    <ClCompile Include="..\src\animations\MovingPathAnimation.cpp">
      <Filter>Source Files\animations</Filter>
    </ClCompile>
    <ClCompile Include="..\src\animators\Animator.cpp">
      <Filter>Source Files\animators</Filter>
    </ClCompile>
    <ClCompile Include="..\src\animators\AnimatorHolder.cpp">
      <Filter>Source Files\animators</Filter>
    </ClCompile>
    <ClCompile Include="..\src\animators\FlashAnimator.cpp">
      <Filter>Source Files\animators</Filter>
    </ClCompile>
    <ClCompile Include="..\src\animators\FrameRangeAnimator.cpp">
      <Filter>Source Files\animators</Filter>
    </ClCompile>
    <ClCompile Include="..\src\animators\MovingAnimator.cpp">
      <Filter>Source Files\animators</Filter>
    </ClCompile>
    <ClCompile Include="..\src\animators\MovingPathAnimator.cpp">
      <Filter>Source Files\animators</Filter>
    </ClCompile>
    <ClCompile Include="..\src\terrain\TerrainUtilities.cpp">
      <Filter>Source Files\terrain</Filter>
    </ClCompile>
    <ClCompile Include="..\src\utilities\PathNames.cpp">
      <Filter>Source Files\utilities</Filter>
    </ClCompile>
    <ClCompile Include="..\src\animations\Sprite.cpp">
      <Filter>Source Files\animations</Filter>
    </ClCompile>
    <ClCompile Include="..\src\animations\BitmapLoader.cpp">
      <Filter>Source Files\animations</Filter>
    </ClCompile>
    <ClCompile Include="..\src\utilities\utilities.cpp">
      <Filter>Source Files\utilities</Filter>
    </ClCompile>
    <ClCompile Include="..\src\utilities\MemoryManage.cpp">
      <Filter>Source Files\utilities</Filter>
    </ClCompile>
    <ClCompile Include="..\src\parsers\SpritesParser.cpp">
      <Filter>Source Files\parsers</Filter>
    </ClCompile>
    <ClCompile Include="..\src\parsers\AnimationsParser.cpp">
      <Filter>Source Files\parsers</Filter>
    </ClCompile>
    <ClCompile Include="..\src\animations\FrameListAnimation.cpp">
      <Filter>Source Files\animations</Filter>
    </ClCompile>
    <ClCompile Include="..\src\game_action\CollisionChecker.cpp">
      <Filter>Source Files\game_action</Filter>
    </ClCompile>
    <ClCompile Include="..\src\terrain\Terrain.cpp">
      <Filter>Source Files\terrain</Filter>
    </ClCompile>
    <ClCompile Include="..\src\game_action\characters\BubblesAnimator.cpp">
      <Filter>Source Files\game_action\characters</Filter>
    </ClCompile>
    <ClCompile Include="..\src\game_action\characters\BubAnimator.cpp">
      <Filter>Source Files\game_action\characters</Filter>
    </ClCompile>
    <ClCompile Include="..\src\game_action\InputManage.cpp">
      <Filter>Source Files\game_action</Filter>
    </ClCompile>
    <ClCompile Include="..\src\game_action\characters\BarronVonBlubaAnimator.cpp">
      <Filter>Source Files\game_action\characters</Filter>
    </ClCompile>
    <ClCompile Include="..\src\terrain\ScoreBoard.cpp">
      <Filter>Source Files\terrain</Filter>
    </ClCompile>
    <ClCompile Include="..\src\game_action\InvisibleSprites.cpp">
      <Filter>Source Files\game_action</Filter>
    </ClCompile>
    <ClCompile Include="..\src\animations\TickAnimation.cpp">
      <Filter>Source Files\animations</Filter>
    </ClCompile>
    <ClCompile Include="..\src\animators\TimerTickAnimator.cpp">
      <Filter>Source Files\animators</Filter>
    </ClCompile>
    <ClCompile Include="..\src\logic\BubbleLogic.cpp">
      <Filter>Source Files\logic</Filter>
    </ClCompile>
    <ClCompile Include="..\src\logic\BubProfile.cpp">
      <Filter>Source Files\logic</Filter>
    </ClCompile>
    <ClCompile Include="..\src\game_action\items\PowerUpsAnimator.cpp">
      <Filter>Source Files\game_action\items</Filter>
    </ClCompile>
    <ClCompile Include="..\src\game_action\characters\ZenChanAnimator.cpp">
      <Filter>Source Files\game_action\characters</Filter>
    </ClCompile>
    <ClCompile Include="..\src\game_action\characters\MightaAnimator.cpp">
      <Filter>Source Files\game_action\characters</Filter>
    </ClCompile>
    <ClCompile Include="..\src\game_action\ArtificialIntelligence.cpp">
      <Filter>Source Files\game_action</Filter>
    </ClCompile>
    <ClCompile Include="..\src\game_action\items\FruitsAnimator.cpp">
      <Filter>Source Files\game_action\items</Filter>
    </ClCompile>
    <ClCompile Include="..\src\animations\RiverSprite.cpp">
      <Filter>Source Files\animations</Filter>
    </ClCompile>
    <ClCompile Include="..\src\game_action\items\RiverAnimator.cpp">
      <Filter>Source Files\game_action\items</Filter>
    </ClCompile>
    <ClCompile Include="..\src\animators\ScrollingAnimator.cpp">
      <Filter>Source Files\animators</Filter>
    </ClCompile>
  </ItemGroup>
  <ItemGroup>
    <ClInclude Include="..\include\utilities\Metrics.h">
      <Filter>Header Files\utilities</Filter>
    </ClInclude>
    <ClInclude Include="..\include\utilities\MemoryManage.h">
      <Filter>Header Files\utilities</Filter>
    </ClInclude>
    <ClInclude Include="..\include\terrain\TileBitmap.h">
      <Filter>Header Files\terrain</Filter>
    </ClInclude>
    <ClInclude Include="..\include\terrain\TileLayer.h">
      <Filter>Header Files\terrain</Filter>
    </ClInclude>
    <ClInclude Include="..\include\animations\Animation.h">
      <Filter>Header Files\animations</Filter>
    </ClInclude>
    <ClInclude Include="..\include\animations\AnimationFilm.h">
      <Filter>Header Files\animations</Filter>
    </ClInclude>
    <ClInclude Include="..\include\animations\AnimationFilmHolder.h">
      <Filter>Header Files\animations</Filter>
    </ClInclude>
    <ClInclude Include="..\include\animations\FlashAnimation.h">
      <Filter>Header Files\animations</Filter>
    </ClInclude>
    <ClInclude Include="..\include\animations\FrameRangeAnimation.h">
      <Filter>Header Files\animations</Filter>
    </ClInclude>
    <ClInclude Include="..\include\animations\MovingAnimation.h">
      <Filter>Header Files\animations</Filter>
    </ClInclude>
    <ClInclude Include="..\include\animations\MovingPathAnimation.h">
      <Filter>Header Files\animations</Filter>
    </ClInclude>
    <ClInclude Include="..\include\animators\Animator.h">
      <Filter>Header Files\animators</Filter>
    </ClInclude>
    <ClInclude Include="..\include\animators\AnimatorHolder.h">
      <Filter>Header Files\animators</Filter>
    </ClInclude>
    <ClInclude Include="..\include\animators\FlashAnimator.h">
      <Filter>Header Files\animators</Filter>
    </ClInclude>
    <ClInclude Include="..\include\animators\FrameRangeAnimator.h">
      <Filter>Header Files\animators</Filter>
    </ClInclude>
    <ClInclude Include="..\include\animators\MovingAnimator.h">
      <Filter>Header Files\animators</Filter>
    </ClInclude>
    <ClInclude Include="..\include\animators\MovingPathAnimator.h">
      <Filter>Header Files\animators</Filter>
    </ClInclude>
    <ClInclude Include="..\include\utilities\utilities.h">
      <Filter>Header Files\utilities</Filter>
    </ClInclude>
    <ClInclude Include="..\include\utilities\PathNames.h">
      <Filter>Header Files\utilities</Filter>
    </ClInclude>
    <ClInclude Include="..\include\terrain\TerrainUtilities.h">
      <Filter>Header Files\terrain</Filter>
    </ClInclude>
    <ClInclude Include="..\include\animations\Sprite.h">
      <Filter>Header Files\animations</Filter>
    </ClInclude>
    <ClInclude Include="..\include\animations\BitmapLoader.h">
      <Filter>Header Files\animations</Filter>
    </ClInclude>
    <ClInclude Include="..\include\BubbleMain.h">
      <Filter>Header Files</Filter>
    </ClInclude>
    <ClInclude Include="..\include\parsers\rapidxml.hpp">
      <Filter>Header Files\parsers</Filter>
    </ClInclude>
    <ClInclude Include="..\include\parsers\SpritesParser.h">
      <Filter>Header Files\parsers</Filter>
    </ClInclude>
    <ClInclude Include="..\include\parsers\AnimationsParser.h">
      <Filter>Header Files\parsers</Filter>
    </ClInclude>
    <ClInclude Include="..\include\animations\FrameListAnimation.h">
      <Filter>Header Files\animations</Filter>
    </ClInclude>
    <ClInclude Include="..\include\game_action\CollisionChecker.h">
      <Filter>Header Files\game_action</Filter>
    </ClInclude>
    <ClInclude Include="..\include\terrain\Terrain.h">
      <Filter>Header Files\terrain</Filter>
    </ClInclude>
    <ClInclude Include="..\include\game_action\InputManage.h">
      <Filter>Header Files\game_action</Filter>
    </ClInclude>
    <ClInclude Include="..\include\game_action\characters\MightaAnimator.h">
      <Filter>Header Files\game_action\characters</Filter>
    </ClInclude>
    <ClInclude Include="..\include\game_action\characters\ZenChanAnimator.h">
      <Filter>Header Files\game_action\characters</Filter>
    </ClInclude>
    <ClInclude Include="..\include\game_action\characters\BubblesAnimator.h">
      <Filter>Header Files\game_action\characters</Filter>
    </ClInclude>
    <ClInclude Include="..\include\game_action\characters\BubAnimator.h">
      <Filter>Header Files\game_action\characters</Filter>
    </ClInclude>
    <ClInclude Include="..\include\game_action\GameActionUtilities.h">
      <Filter>Header Files\game_action</Filter>
    </ClInclude>
    <ClInclude Include="..\include\game_action\characters\BarronVonBlubaAnimator.h">
      <Filter>Header Files\game_action\characters</Filter>
    </ClInclude>
    <ClInclude Include="..\include\terrain\ScoreBoard.h">
      <Filter>Header Files\terrain</Filter>
    </ClInclude>
    <ClInclude Include="..\include\game_action\InvisibleSprites.h">
      <Filter>Header Files\game_action</Filter>
    </ClInclude>
    <ClInclude Include="..\include\animations\TickAnimation.h">
      <Filter>Header Files\animations</Filter>
    </ClInclude>
    <ClInclude Include="..\include\animators\TimerTickAnimator.h">
      <Filter>Header Files\animators</Filter>
    </ClInclude>
    <ClInclude Include="..\include\logic\BubProfile.h">
      <Filter>Header Files\logic</Filter>
    </ClInclude>
    <ClInclude Include="..\include\logic\BubbleLogic.h">
      <Filter>Header Files\logic</Filter>
    </ClInclude>
    <ClInclude Include="..\include\game_action\items\PowerUpsAnimator.h">
      <Filter>Header Files\game_action\items</Filter>
    </ClInclude>
    <ClInclude Include="..\include\game_action\ArtificialIntelligence.h">
      <Filter>Header Files\game_action</Filter>
    </ClInclude>
    <ClInclude Include="..\include\game_action\items\FruitsAnimator.h">
      <Filter>Header Files\game_action\items</Filter>
    </ClInclude>
    <ClInclude Include="..\include\animations\RiverSprite.h">
      <Filter>Header Files\animations</Filter>
    </ClInclude>
    <ClInclude Include="..\include\game_action\items\RiverAnimator.h">
      <Filter>Header Files\game_action\items</Filter>
    </ClInclude>
    <ClInclude Include="..\include\animators\ScrollingAnimator.h">
      <Filter>Header Files\animators</Filter>
    </ClInclude>
  </ItemGroup>
  <ItemGroup>
    <None Include="..\data\soundtrack\bubble-bobble-01-amiga-credits.mp3">
      <Filter>Resource Files\soundtrack</Filter>
    </None>
    <None Include="..\data\soundtrack\bubble-bobble-02-ecran-titre.mp3">
      <Filter>Resource Files\soundtrack</Filter>
    </None>
    <None Include="..\data\soundtrack\bubble-bobble-03-the-story-begin.mp3">
      <Filter>Resource Files\soundtrack</Filter>
    </None>
    <None Include="..\data\soundtrack\bubble-bobble-04-ingame-music.mp3">
      <Filter>Resource Files\soundtrack</Filter>
    </None>
    <None Include="..\data\soundtrack\bubble-bobble-05-boo-appears.mp3">
      <Filter>Resource Files\soundtrack</Filter>
    </None>
    <None Include="..\data\soundtrack\bubble-bobble-06-ingame-music-hurry-up-.mp3">
      <Filter>Resource Files\soundtrack</Filter>
    </None>
    <None Include="..\data\soundtrack\bubble-bobble-07-all-letters-e.x.t.e.n.d.-.mp3">
      <Filter>Resource Files\soundtrack</Filter>
    </None>
    <None Include="..\data\soundtrack\bubble-bobble-08-e.x.t.e.n.d-bonus-life-..mp3">
      <Filter>Resource Files\soundtrack</Filter>
    </None>
    <None Include="..\data\soundtrack\bubble-bobble-09-last-level-bumble-bee-.mp3">
      <Filter>Resource Files\soundtrack</Filter>
    </None>
    <None Include="..\data\soundtrack\bubble-bobble-10-game-over.mp3">
      <Filter>Resource Files\soundtrack</Filter>
    </None>
    <None Include="..\data\soundtrack\bubble-bobble-11-enter-your-initials.mp3">
      <Filter>Resource Files\soundtrack</Filter>
    </None>
    <None Include="..\data\bitmaps\sprites\sprites.png">
      <Filter>Resource Files\bitmaps\sprites</Filter>
    </None>
    <None Include="..\data\bitmaps\terrain\readme.txt">
      <Filter>Resource Files\bitmaps\terrain</Filter>
    </None>
    <None Include="..\data\bitmaps\terrain\stage1.txt">
      <Filter>Resource Files\bitmaps\terrain</Filter>
    </None>
    <None Include="..\data\bitmaps\terrain\tile_bitmap_8x8.png">
      <Filter>Resource Files\bitmaps\terrain</Filter>
    </None>
    <None Include="..\data\bitmaps\terrain\tile_bitmap_16x16.png">
      <Filter>Resource Files\bitmaps\terrain</Filter>
    </None>
    <None Include="..\data\bitmaps\terrain\tile_bitmap_32x32.png">
      <Filter>Resource Files\bitmaps\terrain</Filter>
    </None>
    <None Include="..\data\bitmaps\sprites\info\animation_data.xml">
      <Filter>Resource Files\bitmaps\sprites</Filter>
    </None>
    <None Include="..\data\bitmaps\sprites\info\sprites_data.xml">
      <Filter>Resource Files\bitmaps\sprites</Filter>
    </None>
    <None Include="..\data\bitmaps\sprites\info\stage1_starting_data.xml">
      <Filter>Resource Files\bitmaps\sprites</Filter>
    </None>
    <None Include="..\data\bitmaps\sprites\info\sprites_attributes_data.xml">
      <Filter>Resource Files\bitmaps\sprites</Filter>
    </None>
  </ItemGroup>
</Project>