<?xml version="1.0" encoding="utf-8"?>
<Project ToolsVersion="4.0" xmlns="http://schemas.microsoft.com/developer/msbuild/2003">
  <ItemGroup>
    <Filter Include="Source Files">
      <UniqueIdentifier>{4FC737F1-C7A5-4376-A066-2A32D752A2FF}</UniqueIdentifier>
      <Extensions>cpp;c;cc;cxx;def;odl;idl;hpj;bat;asm;asmx</Extensions>
    </Filter>
    <Filter Include="Header Files">
      <UniqueIdentifier>{93995380-89BD-4b04-88EB-625FBE52EBFB}</UniqueIdentifier>
      <Extensions>h;hpp;hxx;hm;inl;inc;xsd</Extensions>
    </Filter>
    <Filter Include="Resource Files">
      <UniqueIdentifier>{67DA6AB6-F800-4c08-8B7A-83BB121AAD01}</UniqueIdentifier>
      <Extensions>rc;ico;cur;bmp;dlg;rc2;rct;bin;rgs;gif;jpg;jpeg;jpe;resx;tiff;tif;png;wav;mfcribbon-ms</Extensions>
    </Filter>
    <Filter Include="Header Files\terrain">
      <UniqueIdentifier>{b57bb4bd-b994-4e9d-922e-4f81dd6d3709}</UniqueIdentifier>
    </Filter>
    <Filter Include="Source Files\terrain">
      <UniqueIdentifier>{ebb5abb2-5ebb-43ce-8073-e8bb533ca61a}</UniqueIdentifier>
    </Filter>
    <Filter Include="Header Files\sprites_parser">
      <UniqueIdentifier>{bd81a826-e9cf-4a3f-9e5d-f9221ac0335b}</UniqueIdentifier>
    </Filter>
    <Filter Include="Source Files\sprites_parser">
      <UniqueIdentifier>{e8d77273-ce1f-4253-94e5-bf8ecbf32990}</UniqueIdentifier>
    </Filter>
    <Filter Include="Resource Files\soundtrack">
      <UniqueIdentifier>{283cc061-c480-4bea-81d5-88a7174a9e76}</UniqueIdentifier>
    </Filter>
    <Filter Include="Resource Files\bitmaps">
      <UniqueIdentifier>{edc60a25-3c42-4ef5-a44a-648817f58c8d}</UniqueIdentifier>
    </Filter>
    <Filter Include="Resource Files\bitmaps\sprites">
      <UniqueIdentifier>{e02b6804-76c9-442d-94fb-54a1874f0a21}</UniqueIdentifier>
    </Filter>
    <Filter Include="Resource Files\bitmaps\terrain">
      <UniqueIdentifier>{df998a73-3c34-468d-be11-a6c7e53e059e}</UniqueIdentifier>
    </Filter>
    <Filter Include="Header Files\utilities">
      <UniqueIdentifier>{106e850c-b223-40ce-a45a-c68dc77a5d2c}</UniqueIdentifier>
    </Filter>
    <Filter Include="Source Files\utilities">
      <UniqueIdentifier>{47ddbb51-0690-420b-a8ab-489ff133f9f0}</UniqueIdentifier>
    </Filter>
  </ItemGroup>
  <ItemGroup>
    <ClCompile Include="..\src\Bubble_Main.cpp">
      <Filter>Source Files</Filter>
    </ClCompile>
    <ClCompile Include="..\src\sprites_parser\SpritesParser.cpp">
      <Filter>Source Files\sprites_parser</Filter>
    </ClCompile>
    <ClCompile Include="..\src\terrain\TileBitmap.cpp">
      <Filter>Source Files\terrain</Filter>
    </ClCompile>
    <ClCompile Include="..\src\terrain\TileLayer.cpp">
      <Filter>Source Files\terrain</Filter>
    </ClCompile>
  </ItemGroup>
  <ItemGroup>
    <ClInclude Include="..\include\sprites_parser\rapidxml.hpp">
      <Filter>Header Files\sprites_parser</Filter>
    </ClInclude>
    <ClInclude Include="..\include\utilities\Metrics.h">
      <Filter>Header Files\utilities</Filter>
    </ClInclude>
    <ClInclude Include="..\include\sprites_parser\SpritesParser.h">
      <Filter>Header Files\sprites_parser</Filter>
    </ClInclude>
    <ClInclude Include="..\include\utilities\MemoryManage.h">
      <Filter>Header Files\utilities</Filter>
    </ClInclude>
    <ClInclude Include="..\include\terrain\TileBitmap.h">
      <Filter>Header Files\terrain</Filter>
    </ClInclude>
    <ClInclude Include="..\include\terrain\TileLayer.h">
      <Filter>Header Files\terrain</Filter>
    </ClInclude>
  </ItemGroup>
  <ItemGroup>
    <None Include="..\data\soundtrack\bubble-bobble-01-amiga-credits.mp3">
      <Filter>Resource Files\soundtrack</Filter>
    </None>
    <None Include="..\data\soundtrack\bubble-bobble-02-ecran-titre.mp3">
      <Filter>Resource Files\soundtrack</Filter>
    </None>
    <None Include="..\data\soundtrack\bubble-bobble-03-the-story-begin.mp3">
      <Filter>Resource Files\soundtrack</Filter>
    </None>
    <None Include="..\data\soundtrack\bubble-bobble-04-ingame-music.mp3">
      <Filter>Resource Files\soundtrack</Filter>
    </None>
    <None Include="..\data\soundtrack\bubble-bobble-05-boo-appears.mp3">
      <Filter>Resource Files\soundtrack</Filter>
    </None>
    <None Include="..\data\soundtrack\bubble-bobble-06-ingame-music-hurry-up-.mp3">
      <Filter>Resource Files\soundtrack</Filter>
    </None>
    <None Include="..\data\soundtrack\bubble-bobble-07-all-letters-e.x.t.e.n.d.-.mp3">
      <Filter>Resource Files\soundtrack</Filter>
    </None>
    <None Include="..\data\soundtrack\bubble-bobble-08-e.x.t.e.n.d-bonus-life-..mp3">
      <Filter>Resource Files\soundtrack</Filter>
    </None>
    <None Include="..\data\soundtrack\bubble-bobble-09-last-level-bumble-bee-.mp3">
      <Filter>Resource Files\soundtrack</Filter>
    </None>
    <None Include="..\data\soundtrack\bubble-bobble-10-game-over.mp3">
      <Filter>Resource Files\soundtrack</Filter>
    </None>
    <None Include="..\data\soundtrack\bubble-bobble-11-enter-your-initials.mp3">
      <Filter>Resource Files\soundtrack</Filter>
    </None>
    <None Include="..\data\bitmaps\sprites\data.xml">
      <Filter>Resource Files\bitmaps\sprites</Filter>
    </None>
    <None Include="..\data\bitmaps\sprites\sprites.png">
      <Filter>Resource Files\bitmaps\sprites</Filter>
    </None>
    <None Include="..\data\bitmaps\terrain\readme.txt">
      <Filter>Resource Files\bitmaps\terrain</Filter>
    </None>
    <None Include="..\data\bitmaps\terrain\stage1.txt">
      <Filter>Resource Files\bitmaps\terrain</Filter>
    </None>
    <None Include="..\data\bitmaps\terrain\tile_bitmap_8x8.png">
      <Filter>Resource Files\bitmaps\terrain</Filter>
    </None>
    <None Include="..\data\bitmaps\terrain\tile_bitmap_16x16.png">
      <Filter>Resource Files\bitmaps\terrain</Filter>
    </None>
    <None Include="..\data\bitmaps\terrain\tile_bitmap_32x32.png">
      <Filter>Resource Files\bitmaps\terrain</Filter>
    </None>
  </ItemGroup>
</Project>